
Microsoft Visual Studio Solution File, Format Version 12.00
# Visual Studio Version 16
VisualStudioVersion = 16.0.29728.190
MinimumVisualStudioVersion = 10.0.40219.1
Project("{FAE04EC0-301F-11D3-BF4B-00C04F79EFBC}") = "graph", "graph\graph.csproj", "{6132BD6D-7B6D-4261-BF50-619826046F25}"
EndProject
Global
	GlobalSection(SolutionConfigurationPlatforms) = preSolution
		Debug|Any CPU = Debug|Any CPU
		Release|Any CPU = Release|Any CPU
	EndGlobalSection
	GlobalSection(ProjectConfigurationPlatforms) = postSolution
		{6132BD6D-7B6D-4261-BF50-619826046F25}.Debug|Any CPU.ActiveCfg = Debug|Any CPU
		{6132BD6D-7B6D-4261-BF50-619826046F25}.Debug|Any CPU.Build.0 = Debug|Any CPU
		{6132BD6D-7B6D-4261-BF50-619826046F25}.Release|Any CPU.ActiveCfg = Release|Any CPU
		{6132BD6D-7B6D-4261-BF50-619826046F25}.Release|Any CPU.Build.0 = Release|Any CPU
	EndGlobalSection
	GlobalSection(SolutionProperties) = preSolution
		HideSolutionNode = FALSE
	EndGlobalSection
	GlobalSection(ExtensibilityGlobals) = postSolution
		SolutionGuid = {D38CBB69-1AD0-432E-A5B6-EF0BC166DF64}
	EndGlobalSection
EndGlobal
